{
  "name": "team-website-new",
  "lockfileVersion": 3,
  "requires": true,
  "packages": {
    "": {
      "dependencies": {
        "@portabletext/react": "^8.0.1",
        "@sanity/client": "^8.9.0"
      }
    },
    "node_modules/@portabletext/react": {
      "version": "8.0.1",
      "resolved": "https://registry.npmjs.org/@portabletext/react/-/react-8.0.1.tgz",
      "integrity": "sha512-Fy9UxVhppgEckEvczZytg4bBxiPcZIM49NrJ3sizEoz19aNzJWEYoUj7f3TI94907psEk0yfR145eoOgkedM2A==",
      "license": "MIT",
      "dependencies": {
        "@portabletext/toolkit": "^6.0.0",
        "@portabletext/types": "^4.0.2"
      },
      "engines": {
        "node": ">=22.12"
      },
      "peerDependencies": {
        "react": "^19"
      }
    },
    "node_modules/@portabletext/toolkit": {
      "version": "6.0.0",
      "resolved": "https://registry.npmjs.org/@portabletext/toolkit/-/toolkit-6.0.0.tgz",
      "integrity": "sha512-+qSqe0KnefuZfNLUhzQRTpbSKxslZof+3pNwxg0DC8dfZ1yLKyyBUw6iR7EpDL+SJlrnpiBfEcfmEuFitK1NSQ==",
      "license": "MIT",
      "dependencies": {
        "@portabletext/types": "^4.0.2"
      },
      "engines": {
        "node": ">=22.12"
      }
    },
    "node_modules/@portabletext/types": {
      "version": "4.0.2",
      "resolved": "https://registry.npmjs.org/@portabletext/types/-/types-4.0.2.tgz",
      "integrity": "sha512-djfIGU9n6DRrunlvj2nIDAp17URo/nA4jSXGvf+Gupx8NLLy9fmJBZ3GL8yhqn9lSVc+cKCharjOa3aOBnWbRw==",
      "license": "MIT",
      "engines": {
        "node": ">=20.19 <22 || >=22.12"
      }
    },
    "node_modules/@sanity/client": {
      "version": "8.9.0",
      "resolved": "https://registry.npmjs.org/@sanity/client/-/client-8.9.0.tgz",
      "integrity": "sha512-V6kFNH6xvz29ot66zTVVyzZ34dIGzVJHzQJXEV2ljGVZEelHRoMayhErsTDac/ZR7ej8Spz39qEMYCaJWg176g==",
      "license": "MIT",
      "dependencies": {
        "eventsource": "^5.1.2",
        "get-it": "^9.5.7",
        "obug": "^3.0.0",
        "rxjs": "^7.8.2"
      },
      "engines": {
        "node": ">=22.12.0"
      }
    },
    "node_modules/eventsource": {
      "version": "5.1.2",
      "resolved": "https://registry.npmjs.org/eventsource/-/eventsource-5.1.2.tgz",
      "integrity": "sha512-VJnwqqp+fOT3WDkjnUy49Zuyh48+kH0JdJApZkslrRQyx35zIZJeJYJl0+a+LrTzh5TFv6MdmXnBDv71UXFyWQ==",
      "license": "MIT",
      "dependencies": {
        "eventsource-parser": "^4.1.1"
      },
      "engines": {
        "node": ">=22.12.0"
      }
    },
    "node_modules/eventsource-parser": {
      "version": "4.1.1",
      "resolved": "https://registry.npmjs.org/eventsource-parser/-/eventsource-parser-4.1.1.tgz",
      "integrity": "sha512-zaWNqeSLeyzEAAt2Q6aDBRDRk/VnPmsKqvToyGvv6aahvLv71A4Jw7jG93Hckf11zXurbqgsffvpSgKPoeU1Qw==",
      "license": "MIT",
      "engines": {
        "node": ">=22.12"
      }
    },
    "node_modules/get-it": {
      "version": "9.6.1",
      "resolved": "https://registry.npmjs.org/get-it/-/get-it-9.6.1.tgz",
      "integrity": "sha512-uxMgcolbhJTz8f/cOHLcgde3A0gwqv5p6m8OJ2WJqn7NBi79krofZdp95FD0+7N9UUpmAe76vIEX3kDFijRahg==",
      "license": "MIT",
      "dependencies": {
        "undici": "^7.30.0"
      },
      "engines": {
        "node": ">=22.12.0"
      },
      "peerDependencies": {
        "vitest": ">=2.0.0"
      },
      "peerDependenciesMeta": {
        "vitest": {
          "optional": true
        }
      }
    },
    "node_modules/obug": {
      "version": "3.0.0",
      "resolved": "https://registry.npmjs.org/obug/-/obug-3.0.0.tgz",
      "integrity": "sha512-5vvB5+W7ePv+p3uqxi+RcW1XAzLW0/hxt3/4X4Lc4qHudzOhmBiBwOY6DRob4WnanAEGvNcLjF+KNOufrUoEQw==",
      "funding": [
        "https://github.com/sponsors/sxzz",
        "https://opencollective.com/debug"
      ],
      "license": "MIT",
      "engines": {
        "node": ">=12.20.0"
      }
    },
    "node_modules/react": {
      "version": "19.3.0",
      "resolved": "https://registry.npmjs.org/react/-/react-19.3.0.tgz",
      "integrity": "sha512-E8LUcbtBWt20bbl2YoHfx4ZDBdxVTfOKtCZn9cDSJ4l6/nuoApcpIBcj47t2wZoVX8g2ZHuMHbiShgCR1T5Sog==",
      "license": "MIT",
      "peer": true,
      "engines": {
        "node": ">=0.10.0"
      }
    },
    "node_modules/rxjs": {
      "version": "7.8.2",
      "resolved": "https://registry.npmjs.org/rxjs/-/rxjs-7.8.2.tgz",
      "integrity": "sha512-dhKf903U/PQZY6boNNtAGdWbG85WAbjT/1xYoZIC7FAY0yWapOBQVsVrDl58W86//e1VpMNBtRV4MaXfdMySFA==",
      "license": "Apache-2.0",
      "dependencies": {
        "tslib": "^2.1.0"
      }
    },
    "node_modules/tslib": {
      "version": "2.8.1",
      "resolved": "https://registry.npmjs.org/tslib/-/tslib-2.8.1.tgz",
      "integrity": "sha512-oJFu94HQb+KVduSUQL7wnpmqnfmLsOA/nAh6b6EH0wCEoK0/mPeXU6c3wKDV83MkOuHPRHtSXKKU99IBazS/2w==",
      "license": "0BSD"
    },
    "node_modules/undici": {
      "version": "7.30.0",
      "resolved": "https://registry.npmjs.org/undici/-/undici-7.30.0.tgz",
      "integrity": "sha512-dkrQXeHSaoamnItlYbmzG0wFYrM0ZwDxCIg0A7aKjTyyhh9svRzCNFEzV+Vm05/yehjCzjDZ31KXfGEjYSztDQ==",
      "license": "MIT",
      "engines": {
        "node": ">=20.18.1"
      }
    }
  }
}
